// !$*UTF8*$!
{
	archiveVersion = 1;
	classes = {
	};
	objectVersion = 48;
	objects = {

/* Begin PBXBuildFile section */
		F60D96BC20B3DA350066A15A /* XTableValidator.m in Sources */ = {isa = PBXBuildFile; fileRef = F60D96BB20B3DA350066A15A /* XTableValidator.m */; };
		F60D96C220B3DABF0066A15A /* XTableValidatorStatus.m in Sources */ = {isa = PBXBuildFile; fileRef = F60D96C120B3DABF0066A15A /* XTableValidatorStatus.m */; };
		F60D96C920B3F2360066A15A /* InputViewController.m in Sources */ = {isa = PBXBuildFile; fileRef = F60D96C720B3F2360066A15A /* InputViewController.m */; };
		F60D96CA20B3F2360066A15A /* InputViewController.xib in Resources */ = {isa = PBXBuildFile; fileRef = F60D96C820B3F2360066A15A /* InputViewController.xib */; };
		F61EE65E20AEF65C0029A8F4 /* TestListRow.m in Sources */ = {isa = PBXBuildFile; fileRef = F61EE65D20AEF65C0029A8F4 /* TestListRow.m */; };
		F61EE66220AEF67A0029A8F4 /* TestListViewController.m in Sources */ = {isa = PBXBuildFile; fileRef = F61EE66020AEF67A0029A8F4 /* TestListViewController.m */; };
		F61EE66320AEF67A0029A8F4 /* TestListViewController.xib in Resources */ = {isa = PBXBuildFile; fileRef = F61EE66120AEF67A0029A8F4 /* TestListViewController.xib */; };
		F61EE66620AEF6B30029A8F4 /* TestListCell.m in Sources */ = {isa = PBXBuildFile; fileRef = F61EE66520AEF6B30029A8F4 /* TestListCell.m */; };
		F61EE66820AEF6C20029A8F4 /* TestListCell.xib in Resources */ = {isa = PBXBuildFile; fileRef = F61EE66720AEF6C20029A8F4 /* TestListCell.xib */; };
		F64360E220AC4E0200A42319 /* SettingViewController.m in Sources */ = {isa = PBXBuildFile; fileRef = F64360E120AC4E0200A42319 /* SettingViewController.m */; };
		F64360E520AC539B00A42319 /* TextFieldRow.m in Sources */ = {isa = PBXBuildFile; fileRef = F64360E420AC539B00A42319 /* TextFieldRow.m */; };
		F64360E920AC53B800A42319 /* TextFieldCell.m in Sources */ = {isa = PBXBuildFile; fileRef = F64360E720AC53B800A42319 /* TextFieldCell.m */; };
		F64360EA20AC53B800A42319 /* TextFieldCell.xib in Resources */ = {isa = PBXBuildFile; fileRef = F64360E820AC53B800A42319 /* TextFieldCell.xib */; };
		F66BA57820A2C6210085296D /* XiaMiViewController.m in Sources */ = {isa = PBXBuildFile; fileRef = F66BA57720A2C6210085296D /* XiaMiViewController.m */; };
		F66BA57C20A2C7F20085296D /* ChannelCell.m in Sources */ = {isa = PBXBuildFile; fileRef = F66BA57A20A2C7F20085296D /* ChannelCell.m */; };
		F66BA57D20A2C7F20085296D /* ChannelCell.xib in Resources */ = {isa = PBXBuildFile; fileRef = F66BA57B20A2C7F20085296D /* ChannelCell.xib */; };
		F66BA58020A2CF3C0085296D /* ChannelRow.m in Sources */ = {isa = PBXBuildFile; fileRef = F66BA57F20A2CF3C0085296D /* ChannelRow.m */; };
		F67EDC3F20CBEC8000DC9193 /* XInputTextCell.m in Sources */ = {isa = PBXBuildFile; fileRef = F67EDC3D20CBEC8000DC9193 /* XInputTextCell.m */; };
		F67EDC4020CBEC8000DC9193 /* XInputTextCell.xib in Resources */ = {isa = PBXBuildFile; fileRef = F67EDC3E20CBEC8000DC9193 /* XInputTextCell.xib */; };
		F67EDC4320CBECBE00DC9193 /* XInputTextRow.m in Sources */ = {isa = PBXBuildFile; fileRef = F67EDC4220CBECBE00DC9193 /* XInputTextRow.m */; };
		F67EDC4620CBFBFB00DC9193 /* HomeTitleRow.m in Sources */ = {isa = PBXBuildFile; fileRef = F67EDC4520CBFBFB00DC9193 /* HomeTitleRow.m */; };
		F67EDC4A20CBFC1700DC9193 /* HomeTitleCell.m in Sources */ = {isa = PBXBuildFile; fileRef = F67EDC4820CBFC1700DC9193 /* HomeTitleCell.m */; };
		F67EDC4B20CBFC1700DC9193 /* HomeTitleCell.xib in Resources */ = {isa = PBXBuildFile; fileRef = F67EDC4920CBFC1700DC9193 /* HomeTitleCell.xib */; };
		F6C8374A20A18D7400123B07 /* AppDelegate.m in Sources */ = {isa = PBXBuildFile; fileRef = F6C8374920A18D7400123B07 /* AppDelegate.m */; };
		F6C8374D20A18D7400123B07 /* ViewController.m in Sources */ = {isa = PBXBuildFile; fileRef = F6C8374C20A18D7400123B07 /* ViewController.m */; };
		F6C8375020A18D7400123B07 /* Main.storyboard in Resources */ = {isa = PBXBuildFile; fileRef = F6C8374E20A18D7400123B07 /* Main.storyboard */; };
		F6C8375220A18D7400123B07 /* Assets.xcassets in Resources */ = {isa = PBXBuildFile; fileRef = F6C8375120A18D7400123B07 /* Assets.xcassets */; };
		F6C8375520A18D7400123B07 /* LaunchScreen.storyboard in Resources */ = {isa = PBXBuildFile; fileRef = F6C8375320A18D7400123B07 /* LaunchScreen.storyboard */; };
		F6C8375820A18D7400123B07 /* main.m in Sources */ = {isa = PBXBuildFile; fileRef = F6C8375720A18D7400123B07 /* main.m */; };
		F6C8376120A18EF800123B07 /* XTableViewAssistant.m in Sources */ = {isa = PBXBuildFile; fileRef = F6C8376020A18EF800123B07 /* XTableViewAssistant.m */; };
		F6C8376420A191BF00123B07 /* XTableViewSection.m in Sources */ = {isa = PBXBuildFile; fileRef = F6C8376320A191BF00123B07 /* XTableViewSection.m */; };
		F6C8376720A191D000123B07 /* XTableViewRow.m in Sources */ = {isa = PBXBuildFile; fileRef = F6C8376620A191D000123B07 /* XTableViewRow.m */; };
		F6C8377520A1924F00123B07 /* XTableViewCell.m in Sources */ = {isa = PBXBuildFile; fileRef = F6C8377420A1924F00123B07 /* XTableViewCell.m */; };
		F6C8377920A1C26800123B07 /* XTimeLineCell.m in Sources */ = {isa = PBXBuildFile; fileRef = F6C8377720A1C26800123B07 /* XTimeLineCell.m */; };
		F6C8377A20A1C26800123B07 /* XTimeLineCell.xib in Resources */ = {isa = PBXBuildFile; fileRef = F6C8377820A1C26800123B07 /* XTimeLineCell.xib */; };
		F6C8377E20A1C31700123B07 /* XTimeLineRow.m in Sources */ = {isa = PBXBuildFile; fileRef = F6C8377D20A1C31700123B07 /* XTimeLineRow.m */; };
		F6C9F4EF20D5432D00F2516D /* HeaderOrFooterViewController.m in Sources */ = {isa = PBXBuildFile; fileRef = F6C9F4ED20D5432D00F2516D /* HeaderOrFooterViewController.m */; };
		F6C9F4F020D5432D00F2516D /* HeaderOrFooterViewController.xib in Resources */ = {isa = PBXBuildFile; fileRef = F6C9F4EE20D5432D00F2516D /* HeaderOrFooterViewController.xib */; };
		F6CABFEA20D6242700961FE0 /* XTableRegexValidator.m in Sources */ = {isa = PBXBuildFile; fileRef = F6CABFE920D6242700961FE0 /* XTableRegexValidator.m */; };
		F6DFC07420C5630E00B23700 /* OnlyDeleteViewController.m in Sources */ = {isa = PBXBuildFile; fileRef = F6DFC07220C5630E00B23700 /* OnlyDeleteViewController.m */; };
		F6DFC07520C5630E00B23700 /* OnlyDeleteViewController.xib in Resources */ = {isa = PBXBuildFile; fileRef = F6DFC07320C5630E00B23700 /* OnlyDeleteViewController.xib */; };
		F6DFC07920C5638D00B23700 /* DeleteTableViewCell.m in Sources */ = {isa = PBXBuildFile; fileRef = F6DFC07720C5638D00B23700 /* DeleteTableViewCell.m */; };
		F6DFC07A20C5638D00B23700 /* DeleteTableViewCell.xib in Resources */ = {isa = PBXBuildFile; fileRef = F6DFC07820C5638D00B23700 /* DeleteTableViewCell.xib */; };
		F6DFC07D20C563AB00B23700 /* DeleteRow.m in Sources */ = {isa = PBXBuildFile; fileRef = F6DFC07C20C563AB00B23700 /* DeleteRow.m */; };
		F6E96AD320A5689A001E6E18 /* SongListRow.m in Sources */ = {isa = PBXBuildFile; fileRef = F6E96AD220A5689A001E6E18 /* SongListRow.m */; };
		F6E96AD720A568B6001E6E18 /* SongListCell.m in Sources */ = {isa = PBXBuildFile; fileRef = F6E96AD520A568B6001E6E18 /* SongListCell.m */; };
		F6E96AD820A568B6001E6E18 /* SongListCell.xib in Resources */ = {isa = PBXBuildFile; fileRef = F6E96AD620A568B6001E6E18 /* SongListCell.xib */; };
		F6F486B620AAF7C000381FC5 /* XTableAction.m in Sources */ = {isa = PBXBuildFile; fileRef = F6F486B520AAF7C000381FC5 /* XTableAction.m */; };
/* End PBXBuildFile section */

/* Begin PBXFileReference section */
		F60D96BA20B3DA350066A15A /* XTableValidator.h */ = {isa = PBXFileReference; lastKnownFileType = sourcecode.c.h; path = XTableValidator.h; sourceTree = "<group>"; };
		F60D96BB20B3DA350066A15A /* XTableValidator.m */ = {isa = PBXFileReference; lastKnownFileType = sourcecode.c.objc; path = XTableValidator.m; sourceTree = "<group>"; };
		F60D96BD20B3DA5C0066A15A /* XTableValidatorProtocol.h */ = {isa = PBXFileReference; lastKnownFileType = sourcecode.c.h; path = XTableValidatorProtocol.h; sourceTree = "<group>"; };
		F60D96C020B3DABF0066A15A /* XTableValidatorStatus.h */ = {isa = PBXFileReference; lastKnownFileType = sourcecode.c.h; path = XTableValidatorStatus.h; sourceTree = "<group>"; };
		F60D96C120B3DABF0066A15A /* XTableValidatorStatus.m */ = {isa = PBXFileReference; lastKnownFileType = sourcecode.c.objc; path = XTableValidatorStatus.m; sourceTree = "<group>"; };
		F60D96C620B3F2360066A15A /* InputViewController.h */ = {isa = PBXFileReference; lastKnownFileType = sourcecode.c.h; path = InputViewController.h; sourceTree = "<group>"; };
		F60D96C720B3F2360066A15A /* InputViewController.m */ = {isa = PBXFileReference; lastKnownFileType = sourcecode.c.objc; path = InputViewController.m; sourceTree = "<group>"; };
		F60D96C820B3F2360066A15A /* InputViewController.xib */ = {isa = PBXFileReference; lastKnownFileType = file.xib; path = InputViewController.xib; sourceTree = "<group>"; };
		F61EE65C20AEF65C0029A8F4 /* TestListRow.h */ = {isa = PBXFileReference; lastKnownFileType = sourcecode.c.h; path = TestListRow.h; sourceTree = "<group>"; };
		F61EE65D20AEF65C0029A8F4 /* TestListRow.m */ = {isa = PBXFileReference; lastKnownFileType = sourcecode.c.objc; path = TestListRow.m; sourceTree = "<group>"; };
		F61EE65F20AEF67A0029A8F4 /* TestListViewController.h */ = {isa = PBXFileReference; lastKnownFileType = sourcecode.c.h; path = TestListViewController.h; sourceTree = "<group>"; };
		F61EE66020AEF67A0029A8F4 /* TestListViewController.m */ = {isa = PBXFileReference; lastKnownFileType = sourcecode.c.objc; path = TestListViewController.m; sourceTree = "<group>"; };
		F61EE66120AEF67A0029A8F4 /* TestListViewController.xib */ = {isa = PBXFileReference; lastKnownFileType = file.xib; path = TestListViewController.xib; sourceTree = "<group>"; };
		F61EE66420AEF6B30029A8F4 /* TestListCell.h */ = {isa = PBXFileReference; lastKnownFileType = sourcecode.c.h; path = TestListCell.h; sourceTree = "<group>"; };
		F61EE66520AEF6B30029A8F4 /* TestListCell.m */ = {isa = PBXFileReference; lastKnownFileType = sourcecode.c.objc; path = TestListCell.m; sourceTree = "<group>"; };
		F61EE66720AEF6C20029A8F4 /* TestListCell.xib */ = {isa = PBXFileReference; lastKnownFileType = file.xib; path = TestListCell.xib; sourceTree = "<group>"; };
		F64360E020AC4E0200A42319 /* SettingViewController.h */ = {isa = PBXFileReference; lastKnownFileType = sourcecode.c.h; path = SettingViewController.h; sourceTree = "<group>"; };
		F64360E120AC4E0200A42319 /* SettingViewController.m */ = {isa = PBXFileReference; lastKnownFileType = sourcecode.c.objc; path = SettingViewController.m; sourceTree = "<group>"; };
		F64360E320AC539B00A42319 /* TextFieldRow.h */ = {isa = PBXFileReference; lastKnownFileType = sourcecode.c.h; path = TextFieldRow.h; sourceTree = "<group>"; };
		F64360E420AC539B00A42319 /* TextFieldRow.m */ = {isa = PBXFileReference; lastKnownFileType = sourcecode.c.objc; path = TextFieldRow.m; sourceTree = "<group>"; };
		F64360E620AC53B800A42319 /* TextFieldCell.h */ = {isa = PBXFileReference; lastKnownFileType = sourcecode.c.h; path = TextFieldCell.h; sourceTree = "<group>"; };
		F64360E720AC53B800A42319 /* TextFieldCell.m */ = {isa = PBXFileReference; lastKnownFileType = sourcecode.c.objc; path = TextFieldCell.m; sourceTree = "<group>"; };
		F64360E820AC53B800A42319 /* TextFieldCell.xib */ = {isa = PBXFileReference; lastKnownFileType = file.xib; path = TextFieldCell.xib; sourceTree = "<group>"; };
		F66BA57620A2C6210085296D /* XiaMiViewController.h */ = {isa = PBXFileReference; lastKnownFileType = sourcecode.c.h; path = XiaMiViewController.h; sourceTree = "<group>"; };
		F66BA57720A2C6210085296D /* XiaMiViewController.m */ = {isa = PBXFileReference; lastKnownFileType = sourcecode.c.objc; path = XiaMiViewController.m; sourceTree = "<group>"; };
		F66BA57920A2C7F20085296D /* ChannelCell.h */ = {isa = PBXFileReference; lastKnownFileType = sourcecode.c.h; path = ChannelCell.h; sourceTree = "<group>"; };
		F66BA57A20A2C7F20085296D /* ChannelCell.m */ = {isa = PBXFileReference; lastKnownFileType = sourcecode.c.objc; path = ChannelCell.m; sourceTree = "<group>"; };
		F66BA57B20A2C7F20085296D /* ChannelCell.xib */ = {isa = PBXFileReference; lastKnownFileType = file.xib; path = ChannelCell.xib; sourceTree = "<group>"; };
		F66BA57E20A2CF3C0085296D /* ChannelRow.h */ = {isa = PBXFileReference; lastKnownFileType = sourcecode.c.h; path = ChannelRow.h; sourceTree = "<group>"; };
		F66BA57F20A2CF3C0085296D /* ChannelRow.m */ = {isa = PBXFileReference; lastKnownFileType = sourcecode.c.objc; path = ChannelRow.m; sourceTree = "<group>"; };
		F67EDC3C20CBEC8000DC9193 /* XInputTextCell.h */ = {isa = PBXFileReference; lastKnownFileType = sourcecode.c.h; path = XInputTextCell.h; sourceTree = "<group>"; };
		F67EDC3D20CBEC8000DC9193 /* XInputTextCell.m */ = {isa = PBXFileReference; lastKnownFileType = sourcecode.c.objc; path = XInputTextCell.m; sourceTree = "<group>"; };
		F67EDC3E20CBEC8000DC9193 /* XInputTextCell.xib */ = {isa = PBXFileReference; lastKnownFileType = file.xib; path = XInputTextCell.xib; sourceTree = "<group>"; };
		F67EDC4120CBECBE00DC9193 /* XInputTextRow.h */ = {isa = PBXFileReference; lastKnownFileType = sourcecode.c.h; path = XInputTextRow.h; sourceTree = "<group>"; };
		F67EDC4220CBECBE00DC9193 /* XInputTextRow.m */ = {isa = PBXFileReference; lastKnownFileType = sourcecode.c.objc; path = XInputTextRow.m; sourceTree = "<group>"; };
		F67EDC4420CBFBFB00DC9193 /* HomeTitleRow.h */ = {isa = PBXFileReference; lastKnownFileType = sourcecode.c.h; path = HomeTitleRow.h; sourceTree = "<group>"; };
		F67EDC4520CBFBFB00DC9193 /* HomeTitleRow.m */ = {isa = PBXFileReference; lastKnownFileType = sourcecode.c.objc; path = HomeTitleRow.m; sourceTree = "<group>"; };
		F67EDC4720CBFC1700DC9193 /* HomeTitleCell.h */ = {isa = PBXFileReference; lastKnownFileType = sourcecode.c.h; path = HomeTitleCell.h; sourceTree = "<group>"; };
		F67EDC4820CBFC1700DC9193 /* HomeTitleCell.m */ = {isa = PBXFileReference; lastKnownFileType = sourcecode.c.objc; path = HomeTitleCell.m; sourceTree = "<group>"; };
		F67EDC4920CBFC1700DC9193 /* HomeTitleCell.xib */ = {isa = PBXFileReference; lastKnownFileType = file.xib; path = HomeTitleCell.xib; sourceTree = "<group>"; };
		F6C8374520A18D7400123B07 /* XTableViewAssistant.app */ = {isa = PBXFileReference; explicitFileType = wrapper.application; includeInIndex = 0; path = XTableViewAssistant.app; sourceTree = BUILT_PRODUCTS_DIR; };
		F6C8374820A18D7400123B07 /* AppDelegate.h */ = {isa = PBXFileReference; lastKnownFileType = sourcecode.c.h; path = AppDelegate.h; sourceTree = "<group>"; };
		F6C8374920A18D7400123B07 /* AppDelegate.m */ = {isa = PBXFileReference; lastKnownFileType = sourcecode.c.objc; path = AppDelegate.m; sourceTree = "<group>"; };
		F6C8374B20A18D7400123B07 /* ViewController.h */ = {isa = PBXFileReference; lastKnownFileType = sourcecode.c.h; path = ViewController.h; sourceTree = "<group>"; };
		F6C8374C20A18D7400123B07 /* ViewController.m */ = {isa = PBXFileReference; lastKnownFileType = sourcecode.c.objc; path = ViewController.m; sourceTree = "<group>"; };
		F6C8374F20A18D7400123B07 /* Base */ = {isa = PBXFileReference; lastKnownFileType = file.storyboard; name = Base; path = Base.lproj/Main.storyboard; sourceTree = "<group>"; };
		F6C8375120A18D7400123B07 /* Assets.xcassets */ = {isa = PBXFileReference; lastKnownFileType = folder.assetcatalog; path = Assets.xcassets; sourceTree = "<group>"; };
		F6C8375420A18D7400123B07 /* Base */ = {isa = PBXFileReference; lastKnownFileType = file.storyboard; name = Base; path = Base.lproj/LaunchScreen.storyboard; sourceTree = "<group>"; };
		F6C8375620A18D7400123B07 /* Info.plist */ = {isa = PBXFileReference; lastKnownFileType = text.plist.xml; path = Info.plist; sourceTree = "<group>"; };
		F6C8375720A18D7400123B07 /* main.m */ = {isa = PBXFileReference; lastKnownFileType = sourcecode.c.objc; path = main.m; sourceTree = "<group>"; };
		F6C8375F20A18EF800123B07 /* XTableViewAssistant.h */ = {isa = PBXFileReference; lastKnownFileType = sourcecode.c.h; path = XTableViewAssistant.h; sourceTree = "<group>"; };
		F6C8376020A18EF800123B07 /* XTableViewAssistant.m */ = {isa = PBXFileReference; lastKnownFileType = sourcecode.c.objc; path = XTableViewAssistant.m; sourceTree = "<group>"; };
		F6C8376220A191BF00123B07 /* XTableViewSection.h */ = {isa = PBXFileReference; lastKnownFileType = sourcecode.c.h; path = XTableViewSection.h; sourceTree = "<group>"; };
		F6C8376320A191BF00123B07 /* XTableViewSection.m */ = {isa = PBXFileReference; lastKnownFileType = sourcecode.c.objc; path = XTableViewSection.m; sourceTree = "<group>"; };
		F6C8376520A191D000123B07 /* XTableViewRow.h */ = {isa = PBXFileReference; lastKnownFileType = sourcecode.c.h; path = XTableViewRow.h; sourceTree = "<group>"; };
		F6C8376620A191D000123B07 /* XTableViewRow.m */ = {isa = PBXFileReference; lastKnownFileType = sourcecode.c.objc; path = XTableViewRow.m; sourceTree = "<group>"; };
		F6C8377320A1924F00123B07 /* XTableViewCell.h */ = {isa = PBXFileReference; lastKnownFileType = sourcecode.c.h; path = XTableViewCell.h; sourceTree = "<group>"; };
		F6C8377420A1924F00123B07 /* XTableViewCell.m */ = {isa = PBXFileReference; lastKnownFileType = sourcecode.c.objc; path = XTableViewCell.m; sourceTree = "<group>"; };
		F6C8377620A1C26800123B07 /* XTimeLineCell.h */ = {isa = PBXFileReference; lastKnownFileType = sourcecode.c.h; path = XTimeLineCell.h; sourceTree = "<group>"; };
		F6C8377720A1C26800123B07 /* XTimeLineCell.m */ = {isa = PBXFileReference; lastKnownFileType = sourcecode.c.objc; path = XTimeLineCell.m; sourceTree = "<group>"; };
		F6C8377820A1C26800123B07 /* XTimeLineCell.xib */ = {isa = PBXFileReference; lastKnownFileType = file.xib; path = XTimeLineCell.xib; sourceTree = "<group>"; };
		F6C8377C20A1C31700123B07 /* XTimeLineRow.h */ = {isa = PBXFileReference; lastKnownFileType = sourcecode.c.h; path = XTimeLineRow.h; sourceTree = "<group>"; };
		F6C8377D20A1C31700123B07 /* XTimeLineRow.m */ = {isa = PBXFileReference; lastKnownFileType = sourcecode.c.objc; path = XTimeLineRow.m; sourceTree = "<group>"; };
		F6C9F4EC20D5432D00F2516D /* HeaderOrFooterViewController.h */ = {isa = PBXFileReference; lastKnownFileType = sourcecode.c.h; path = HeaderOrFooterViewController.h; sourceTree = "<group>"; };
		F6C9F4ED20D5432D00F2516D /* HeaderOrFooterViewController.m */ = {isa = PBXFileReference; lastKnownFileType = sourcecode.c.objc; path = HeaderOrFooterViewController.m; sourceTree = "<group>"; };
		F6C9F4EE20D5432D00F2516D /* HeaderOrFooterViewController.xib */ = {isa = PBXFileReference; lastKnownFileType = file.xib; path = HeaderOrFooterViewController.xib; sourceTree = "<group>"; };
		F6CABFE820D6242700961FE0 /* XTableRegexValidator.h */ = {isa = PBXFileReference; lastKnownFileType = sourcecode.c.h; path = XTableRegexValidator.h; sourceTree = "<group>"; };
		F6CABFE920D6242700961FE0 /* XTableRegexValidator.m */ = {isa = PBXFileReference; lastKnownFileType = sourcecode.c.objc; path = XTableRegexValidator.m; sourceTree = "<group>"; };
		F6DFC07120C5630E00B23700 /* OnlyDeleteViewController.h */ = {isa = PBXFileReference; lastKnownFileType = sourcecode.c.h; path = OnlyDeleteViewController.h; sourceTree = "<group>"; };
		F6DFC07220C5630E00B23700 /* OnlyDeleteViewController.m */ = {isa = PBXFileReference; lastKnownFileType = sourcecode.c.objc; path = OnlyDeleteViewController.m; sourceTree = "<group>"; };
		F6DFC07320C5630E00B23700 /* OnlyDeleteViewController.xib */ = {isa = PBXFileReference; lastKnownFileType = file.xib; path = OnlyDeleteViewController.xib; sourceTree = "<group>"; };
		F6DFC07620C5638D00B23700 /* DeleteTableViewCell.h */ = {isa = PBXFileReference; lastKnownFileType = sourcecode.c.h; path = DeleteTableViewCell.h; sourceTree = "<group>"; };
		F6DFC07720C5638D00B23700 /* DeleteTableViewCell.m */ = {isa = PBXFileReference; lastKnownFileType = sourcecode.c.objc; path = DeleteTableViewCell.m; sourceTree = "<group>"; };
		F6DFC07820C5638D00B23700 /* DeleteTableViewCell.xib */ = {isa = PBXFileReference; lastKnownFileType = file.xib; path = DeleteTableViewCell.xib; sourceTree = "<group>"; };
		F6DFC07B20C563AB00B23700 /* DeleteRow.h */ = {isa = PBXFileReference; lastKnownFileType = sourcecode.c.h; path = DeleteRow.h; sourceTree = "<group>"; };
		F6DFC07C20C563AB00B23700 /* DeleteRow.m */ = {isa = PBXFileReference; lastKnownFileType = sourcecode.c.objc; path = DeleteRow.m; sourceTree = "<group>"; };
		F6E96AD120A5689A001E6E18 /* SongListRow.h */ = {isa = PBXFileReference; lastKnownFileType = sourcecode.c.h; path = SongListRow.h; sourceTree = "<group>"; };
		F6E96AD220A5689A001E6E18 /* SongListRow.m */ = {isa = PBXFileReference; lastKnownFileType = sourcecode.c.objc; path = SongListRow.m; sourceTree = "<group>"; };
		F6E96AD420A568B6001E6E18 /* SongListCell.h */ = {isa = PBXFileReference; lastKnownFileType = sourcecode.c.h; path = SongListCell.h; sourceTree = "<group>"; };
		F6E96AD520A568B6001E6E18 /* SongListCell.m */ = {isa = PBXFileReference; lastKnownFileType = sourcecode.c.objc; path = SongListCell.m; sourceTree = "<group>"; };
		F6E96AD620A568B6001E6E18 /* SongListCell.xib */ = {isa = PBXFileReference; lastKnownFileType = file.xib; path = SongListCell.xib; sourceTree = "<group>"; };
		F6F486B420AAF7C000381FC5 /* XTableAction.h */ = {isa = PBXFileReference; lastKnownFileType = sourcecode.c.h; path = XTableAction.h; sourceTree = "<group>"; };
		F6F486B520AAF7C000381FC5 /* XTableAction.m */ = {isa = PBXFileReference; lastKnownFileType = sourcecode.c.objc; path = XTableAction.m; sourceTree = "<group>"; };
/* End PBXFileReference section */

/* Begin PBXFrameworksBuildPhase section */
		F6C8374220A18D7400123B07 /* Frameworks */ = {
			isa = PBXFrameworksBuildPhase;
			buildActionMask = 2147483647;
			files = (
			);
			runOnlyForDeploymentPostprocessing = 0;
		};
/* End PBXFrameworksBuildPhase section */

/* Begin PBXGroup section */
		F60D96B920B3DA0D0066A15A /* Validation */ = {
			isa = PBXGroup;
			children = (
				F60D96BA20B3DA350066A15A /* XTableValidator.h */,
				F60D96BB20B3DA350066A15A /* XTableValidator.m */,
				F6CABFE820D6242700961FE0 /* XTableRegexValidator.h */,
				F6CABFE920D6242700961FE0 /* XTableRegexValidator.m */,
				F60D96C020B3DABF0066A15A /* XTableValidatorStatus.h */,
				F60D96C120B3DABF0066A15A /* XTableValidatorStatus.m */,
				F60D96BD20B3DA5C0066A15A /* XTableValidatorProtocol.h */,
			);
			path = Validation;
			sourceTree = "<group>";
		};
		F66BA57220A2C5E40085296D /* Demo */ = {
			isa = PBXGroup;
			children = (
				F66BA57320A2C5E40085296D /* Rows */,
				F66BA57420A2C5E40085296D /* ViewControllers */,
				F66BA57520A2C5E40085296D /* Views */,
			);
			path = Demo;
			sourceTree = "<group>";
		};
		F66BA57320A2C5E40085296D /* Rows */ = {
			isa = PBXGroup;
			children = (
				F66BA57E20A2CF3C0085296D /* ChannelRow.h */,
				F66BA57F20A2CF3C0085296D /* ChannelRow.m */,
				F6E96AD120A5689A001E6E18 /* SongListRow.h */,
				F6E96AD220A5689A001E6E18 /* SongListRow.m */,
				F64360E320AC539B00A42319 /* TextFieldRow.h */,
				F64360E420AC539B00A42319 /* TextFieldRow.m */,
				F61EE65C20AEF65C0029A8F4 /* TestListRow.h */,
				F61EE65D20AEF65C0029A8F4 /* TestListRow.m */,
				F6DFC07B20C563AB00B23700 /* DeleteRow.h */,
				F6DFC07C20C563AB00B23700 /* DeleteRow.m */,
				F67EDC4420CBFBFB00DC9193 /* HomeTitleRow.h */,
				F67EDC4520CBFBFB00DC9193 /* HomeTitleRow.m */,
			);
			path = Rows;
			sourceTree = "<group>";
		};
		F66BA57420A2C5E40085296D /* ViewControllers */ = {
			isa = PBXGroup;
			children = (
				F66BA57620A2C6210085296D /* XiaMiViewController.h */,
				F66BA57720A2C6210085296D /* XiaMiViewController.m */,
				F64360E020AC4E0200A42319 /* SettingViewController.h */,
				F64360E120AC4E0200A42319 /* SettingViewController.m */,
				F61EE65F20AEF67A0029A8F4 /* TestListViewController.h */,
				F61EE66020AEF67A0029A8F4 /* TestListViewController.m */,
				F61EE66120AEF67A0029A8F4 /* TestListViewController.xib */,
				F60D96C620B3F2360066A15A /* InputViewController.h */,
				F60D96C720B3F2360066A15A /* InputViewController.m */,
				F60D96C820B3F2360066A15A /* InputViewController.xib */,
				F6DFC07120C5630E00B23700 /* OnlyDeleteViewController.h */,
				F6DFC07220C5630E00B23700 /* OnlyDeleteViewController.m */,
				F6DFC07320C5630E00B23700 /* OnlyDeleteViewController.xib */,
				F6C9F4EC20D5432D00F2516D /* HeaderOrFooterViewController.h */,
				F6C9F4ED20D5432D00F2516D /* HeaderOrFooterViewController.m */,
				F6C9F4EE20D5432D00F2516D /* HeaderOrFooterViewController.xib */,
			);
			path = ViewControllers;
			sourceTree = "<group>";
		};
		F66BA57520A2C5E40085296D /* Views */ = {
			isa = PBXGroup;
			children = (
				F66BA57920A2C7F20085296D /* ChannelCell.h */,
				F66BA57A20A2C7F20085296D /* ChannelCell.m */,
				F66BA57B20A2C7F20085296D /* ChannelCell.xib */,
				F6E96AD420A568B6001E6E18 /* SongListCell.h */,
				F6E96AD520A568B6001E6E18 /* SongListCell.m */,
				F6E96AD620A568B6001E6E18 /* SongListCell.xib */,
				F64360E620AC53B800A42319 /* TextFieldCell.h */,
				F64360E720AC53B800A42319 /* TextFieldCell.m */,
				F64360E820AC53B800A42319 /* TextFieldCell.xib */,
				F61EE66420AEF6B30029A8F4 /* TestListCell.h */,
				F61EE66520AEF6B30029A8F4 /* TestListCell.m */,
				F61EE66720AEF6C20029A8F4 /* TestListCell.xib */,
				F6DFC07620C5638D00B23700 /* DeleteTableViewCell.h */,
				F6DFC07720C5638D00B23700 /* DeleteTableViewCell.m */,
				F6DFC07820C5638D00B23700 /* DeleteTableViewCell.xib */,
				F67EDC4720CBFC1700DC9193 /* HomeTitleCell.h */,
				F67EDC4820CBFC1700DC9193 /* HomeTitleCell.m */,
				F67EDC4920CBFC1700DC9193 /* HomeTitleCell.xib */,
			);
			path = Views;
			sourceTree = "<group>";
		};
		F6C8373C20A18D7400123B07 = {
			isa = PBXGroup;
			children = (
				F6C8374720A18D7400123B07 /* XTableViewAssistant */,
				F6C8374620A18D7400123B07 /* Products */,
			);
			sourceTree = "<group>";
		};
		F6C8374620A18D7400123B07 /* Products */ = {
			isa = PBXGroup;
			children = (
				F6C8374520A18D7400123B07 /* XTableViewAssistant.app */,
			);
			name = Products;
			sourceTree = "<group>";
		};
		F6C8374720A18D7400123B07 /* XTableViewAssistant */ = {
			isa = PBXGroup;
			children = (
				F6C8375E20A18E8800123B07 /* XTableViewAssistant */,
				F6C8374820A18D7400123B07 /* AppDelegate.h */,
				F6C8374920A18D7400123B07 /* AppDelegate.m */,
				F6C8374B20A18D7400123B07 /* ViewController.h */,
				F6C8374C20A18D7400123B07 /* ViewController.m */,
				F66BA57220A2C5E40085296D /* Demo */,
				F6C8374E20A18D7400123B07 /* Main.storyboard */,
				F6C8375120A18D7400123B07 /* Assets.xcassets */,
				F6C8375320A18D7400123B07 /* LaunchScreen.storyboard */,
				F6C8375620A18D7400123B07 /* Info.plist */,
				F6C8375720A18D7400123B07 /* main.m */,
			);
			path = XTableViewAssistant;
			sourceTree = "<group>";
		};
		F6C8375E20A18E8800123B07 /* XTableViewAssistant */ = {
			isa = PBXGroup;
			children = (
				F6C8375F20A18EF800123B07 /* XTableViewAssistant.h */,
				F6C8376020A18EF800123B07 /* XTableViewAssistant.m */,
				F6C8376220A191BF00123B07 /* XTableViewSection.h */,
				F6C8376320A191BF00123B07 /* XTableViewSection.m */,
				F6C8376520A191D000123B07 /* XTableViewRow.h */,
				F6C8376620A191D000123B07 /* XTableViewRow.m */,
				F6F486B420AAF7C000381FC5 /* XTableAction.h */,
				F6F486B520AAF7C000381FC5 /* XTableAction.m */,
				F60D96B920B3DA0D0066A15A /* Validation */,
				F6C8377B20A1C2F900123B07 /* Rows */,
				F6C8376820A191EF00123B07 /* Cells */,
			);
			path = XTableViewAssistant;
			sourceTree = "<group>";
		};
		F6C8376820A191EF00123B07 /* Cells */ = {
			isa = PBXGroup;
			children = (
				F6C8377320A1924F00123B07 /* XTableViewCell.h */,
				F6C8377420A1924F00123B07 /* XTableViewCell.m */,
				F6C8377620A1C26800123B07 /* XTimeLineCell.h */,
				F6C8377720A1C26800123B07 /* XTimeLineCell.m */,
				F6C8377820A1C26800123B07 /* XTimeLineCell.xib */,
				F67EDC3C20CBEC8000DC9193 /* XInputTextCell.h */,
				F67EDC3D20CBEC8000DC9193 /* XInputTextCell.m */,
				F67EDC3E20CBEC8000DC9193 /* XInputTextCell.xib */,
			);
			path = Cells;
			sourceTree = "<group>";
		};
		F6C8377B20A1C2F900123B07 /* Rows */ = {
			isa = PBXGroup;
			children = (
				F6C8377C20A1C31700123B07 /* XTimeLineRow.h */,
				F6C8377D20A1C31700123B07 /* XTimeLineRow.m */,
				F67EDC4120CBECBE00DC9193 /* XInputTextRow.h */,
				F67EDC4220CBECBE00DC9193 /* XInputTextRow.m */,
			);
			path = Rows;
			sourceTree = "<group>";
		};
/* End PBXGroup section */

/* Begin PBXNativeTarget section */
		F6C8374420A18D7400123B07 /* XTableViewAssistant */ = {
			isa = PBXNativeTarget;
			buildConfigurationList = F6C8375B20A18D7400123B07 /* Build configuration list for PBXNativeTarget "XTableViewAssistant" */;
			buildPhases = (
				F6C8374120A18D7400123B07 /* Sources */,
				F6C8374220A18D7400123B07 /* Frameworks */,
				F6C8374320A18D7400123B07 /* Resources */,
			);
			buildRules = (
			);
			dependencies = (
			);
			name = XTableViewAssistant;
			productName = XTableViewAssistant;
			productReference = F6C8374520A18D7400123B07 /* XTableViewAssistant.app */;
			productType = "com.apple.product-type.application";
		};
/* End PBXNativeTarget section */

/* Begin PBXProject section */
		F6C8373D20A18D7400123B07 /* Project object */ = {
			isa = PBXProject;
			attributes = {
				LastUpgradeCheck = 0920;
				ORGANIZATIONNAME = liuhongnian;
				TargetAttributes = {
					F6C8374420A18D7400123B07 = {
						CreatedOnToolsVersion = 9.2;
						ProvisioningStyle = Manual;
					};
				};
			};
			buildConfigurationList = F6C8374020A18D7400123B07 /* Build configuration list for PBXProject "XTableViewAssistant" */;
			compatibilityVersion = "Xcode 8.0";
			developmentRegion = en;
			hasScannedForEncodings = 0;
			knownRegions = (
				en,
				Base,
			);
			mainGroup = F6C8373C20A18D7400123B07;
			productRefGroup = F6C8374620A18D7400123B07 /* Products */;
			projectDirPath = "";
			projectRoot = "";
			targets = (
				F6C8374420A18D7400123B07 /* XTableViewAssistant */,
			);
		};
/* End PBXProject section */

/* Begin PBXResourcesBuildPhase section */
		F6C8374320A18D7400123B07 /* Resources */ = {
			isa = PBXResourcesBuildPhase;
			buildActionMask = 2147483647;
			files = (
				F6E96AD820A568B6001E6E18 /* SongListCell.xib in Resources */,
				F61EE66820AEF6C20029A8F4 /* TestListCell.xib in Resources */,
				F6C8375520A18D7400123B07 /* LaunchScreen.storyboard in Resources */,
				F6C8377A20A1C26800123B07 /* XTimeLineCell.xib in Resources */,
				F6C8375220A18D7400123B07 /* Assets.xcassets in Resources */,
				F6DFC07520C5630E00B23700 /* OnlyDeleteViewController.xib in Resources */,
				F6C8375020A18D7400123B07 /* Main.storyboard in Resources */,
				F67EDC4B20CBFC1700DC9193 /* HomeTitleCell.xib in Resources */,
				F66BA57D20A2C7F20085296D /* ChannelCell.xib in Resources */,
				F61EE66320AEF67A0029A8F4 /* TestListViewController.xib in Resources */,
				F6DFC07A20C5638D00B23700 /* DeleteTableViewCell.xib in Resources */,
				F67EDC4020CBEC8000DC9193 /* XInputTextCell.xib in Resources */,
				F64360EA20AC53B800A42319 /* TextFieldCell.xib in Resources */,
				F60D96CA20B3F2360066A15A /* InputViewController.xib in Resources */,
				F6C9F4F020D5432D00F2516D /* HeaderOrFooterViewController.xib in Resources */,
			);
			runOnlyForDeploymentPostprocessing = 0;
		};
/* End PBXResourcesBuildPhase section */

/* Begin PBXSourcesBuildPhase section */
		F6C8374120A18D7400123B07 /* Sources */ = {
			isa = PBXSourcesBuildPhase;
			buildActionMask = 2147483647;
			files = (
				F6C8377520A1924F00123B07 /* XTableViewCell.m in Sources */,
				F6E96AD320A5689A001E6E18 /* SongListRow.m in Sources */,
				F61EE66620AEF6B30029A8F4 /* TestListCell.m in Sources */,
				F60D96C920B3F2360066A15A /* InputViewController.m in Sources */,
				F66BA57820A2C6210085296D /* XiaMiViewController.m in Sources */,
				F60D96C220B3DABF0066A15A /* XTableValidatorStatus.m in Sources */,
				F6C8377920A1C26800123B07 /* XTimeLineCell.m in Sources */,
				F6C8374D20A18D7400123B07 /* ViewController.m in Sources */,
				F67EDC4620CBFBFB00DC9193 /* HomeTitleRow.m in Sources */,
				F67EDC4320CBECBE00DC9193 /* XInputTextRow.m in Sources */,
				F66BA58020A2CF3C0085296D /* ChannelRow.m in Sources */,
				F61EE66220AEF67A0029A8F4 /* TestListViewController.m in Sources */,
				F66BA57C20A2C7F20085296D /* ChannelCell.m in Sources */,
				F6C8376720A191D000123B07 /* XTableViewRow.m in Sources */,
				F61EE65E20AEF65C0029A8F4 /* TestListRow.m in Sources */,
				F67EDC3F20CBEC8000DC9193 /* XInputTextCell.m in Sources */,
				F6C8376120A18EF800123B07 /* XTableViewAssistant.m in Sources */,
				F6C9F4EF20D5432D00F2516D /* HeaderOrFooterViewController.m in Sources */,
				F64360E520AC539B00A42319 /* TextFieldRow.m in Sources */,
				F6C8375820A18D7400123B07 /* main.m in Sources */,
				F6CABFEA20D6242700961FE0 /* XTableRegexValidator.m in Sources */,
				F6DFC07D20C563AB00B23700 /* DeleteRow.m in Sources */,
				F6DFC07920C5638D00B23700 /* DeleteTableViewCell.m in Sources */,
				F6C8374A20A18D7400123B07 /* AppDelegate.m in Sources */,
				F67EDC4A20CBFC1700DC9193 /* HomeTitleCell.m in Sources */,
				F6C8377E20A1C31700123B07 /* XTimeLineRow.m in Sources */,
				F6DFC07420C5630E00B23700 /* OnlyDeleteViewController.m in Sources */,
				F6F486B620AAF7C000381FC5 /* XTableAction.m in Sources */,
				F6E96AD720A568B6001E6E18 /* SongListCell.m in Sources */,
				F64360E920AC53B800A42319 /* TextFieldCell.m in Sources */,
				F6C8376420A191BF00123B07 /* XTableViewSection.m in Sources */,
				F60D96BC20B3DA350066A15A /* XTableValidator.m in Sources */,
				F64360E220AC4E0200A42319 /* SettingViewController.m in Sources */,
			);
			runOnlyForDeploymentPostprocessing = 0;
		};
/* End PBXSourcesBuildPhase section */

/* Begin PBXVariantGroup section */
		F6C8374E20A18D7400123B07 /* Main.storyboard */ = {
			isa = PBXVariantGroup;
			children = (
				F6C8374F20A18D7400123B07 /* Base */,
			);
			name = Main.storyboard;
			sourceTree = "<group>";
		};
		F6C8375320A18D7400123B07 /* LaunchScreen.storyboard */ = {
			isa = PBXVariantGroup;
			children = (
				F6C8375420A18D7400123B07 /* Base */,
			);
			name = LaunchScreen.storyboard;
			sourceTree = "<group>";
		};
/* End PBXVariantGroup section */

/* Begin XCBuildConfiguration section */
		F6C8375920A18D7400123B07 /* Debug */ = {
			isa = XCBuildConfiguration;
			buildSettings = {
				ALWAYS_SEARCH_USER_PATHS = NO;
				CLANG_ANALYZER_NONNULL = YES;
				CLANG_ANALYZER_NUMBER_OBJECT_CONVERSION = YES_AGGRESSIVE;
				CLANG_CXX_LANGUAGE_STANDARD = "gnu++14";
				CLANG_CXX_LIBRARY = "libc++";
				CLANG_ENABLE_MODULES = YES;
				CLANG_ENABLE_OBJC_ARC = YES;
				CLANG_WARN_BLOCK_CAPTURE_AUTORELEASING = YES;
				CLANG_WARN_BOOL_CONVERSION = YES;
				CLANG_WARN_COMMA = YES;
				CLANG_WARN_CONSTANT_CONVERSION = YES;
				CLANG_WARN_DIRECT_OBJC_ISA_USAGE = YES_ERROR;
				CLANG_WARN_DOCUMENTATION_COMMENTS = YES;
				CLANG_WARN_EMPTY_BODY = YES;
				CLANG_WARN_ENUM_CONVERSION = YES;
				CLANG_WARN_INFINITE_RECURSION = YES;
				CLANG_WARN_INT_CONVERSION = YES;
				CLANG_WARN_NON_LITERAL_NULL_CONVERSION = YES;
				CLANG_WARN_OBJC_LITERAL_CONVERSION = YES;
				CLANG_WARN_OBJC_ROOT_CLASS = YES_ERROR;
				CLANG_WARN_RANGE_LOOP_ANALYSIS = YES;
				CLANG_WARN_STRICT_PROTOTYPES = YES;
				CLANG_WARN_SUSPICIOUS_MOVE = YES;
				CLANG_WARN_UNGUARDED_AVAILABILITY = YES_AGGRESSIVE;
				CLANG_WARN_UNREACHABLE_CODE = YES;
				CLANG_WARN__DUPLICATE_METHOD_MATCH = YES;
				CODE_SIGN_IDENTITY = "iPhone Developer";
				COPY_PHASE_STRIP = NO;
				DEBUG_INFORMATION_FORMAT = dwarf;
				ENABLE_STRICT_OBJC_MSGSEND = YES;
				ENABLE_TESTABILITY = YES;
				GCC_C_LANGUAGE_STANDARD = gnu11;
				GCC_DYNAMIC_NO_PIC = NO;
				GCC_NO_COMMON_BLOCKS = YES;
				GCC_OPTIMIZATION_LEVEL = 0;
				GCC_PREPROCESSOR_DEFINITIONS = (
					"DEBUG=1",
					"$(inherited)",
				);
				GCC_WARN_64_TO_32_BIT_CONVERSION = YES;
				GCC_WARN_ABOUT_RETURN_TYPE = YES_ERROR;
				GCC_WARN_UNDECLARED_SELECTOR = YES;
				GCC_WARN_UNINITIALIZED_AUTOS = YES_AGGRESSIVE;
				GCC_WARN_UNUSED_FUNCTION = YES;
				GCC_WARN_UNUSED_VARIABLE = YES;
				IPHONEOS_DEPLOYMENT_TARGET = 11.2;
				MTL_ENABLE_DEBUG_INFO = YES;
				ONLY_ACTIVE_ARCH = YES;
				SDKROOT = iphoneos;
			};
			name = Debug;
		};
		F6C8375A20A18D7400123B07 /* Release */ = {
			isa = XCBuildConfiguration;
			buildSettings = {
				ALWAYS_SEARCH_USER_PATHS = NO;
				CLANG_ANALYZER_NONNULL = YES;
				CLANG_ANALYZER_NUMBER_OBJECT_CONVERSION = YES_AGGRESSIVE;
				CLANG_CXX_LANGUAGE_STANDARD = "gnu++14";
				CLANG_CXX_LIBRARY = "libc++";
				CLANG_ENABLE_MODULES = YES;
				CLANG_ENABLE_OBJC_ARC = YES;
				CLANG_WARN_BLOCK_CAPTURE_AUTORELEASING = YES;
				CLANG_WARN_BOOL_CONVERSION = YES;
				CLANG_WARN_COMMA = YES;
				CLANG_WARN_CONSTANT_CONVERSION = YES;
				CLANG_WARN_DIRECT_OBJC_ISA_USAGE = YES_ERROR;
				CLANG_WARN_DOCUMENTATION_COMMENTS = YES;
				CLANG_WARN_EMPTY_BODY = YES;
				CLANG_WARN_ENUM_CONVERSION = YES;
				CLANG_WARN_INFINITE_RECURSION = YES;
				CLANG_WARN_INT_CONVERSION = YES;
				CLANG_WARN_NON_LITERAL_NULL_CONVERSION = YES;
				CLANG_WARN_OBJC_LITERAL_CONVERSION = YES;
				CLANG_WARN_OBJC_ROOT_CLASS = YES_ERROR;
				CLANG_WARN_RANGE_LOOP_ANALYSIS = YES;
				CLANG_WARN_STRICT_PROTOTYPES = YES;
				CLANG_WARN_SUSPICIOUS_MOVE = YES;
				CLANG_WARN_UNGUARDED_AVAILABILITY = YES_AGGRESSIVE;
				CLANG_WARN_UNREACHABLE_CODE = YES;
				CLANG_WARN__DUPLICATE_METHOD_MATCH = YES;
				CODE_SIGN_IDENTITY = "iPhone Developer";
				COPY_PHASE_STRIP = NO;
				DEBUG_INFORMATION_FORMAT = "dwarf-with-dsym";
				ENABLE_NS_ASSERTIONS = NO;
				ENABLE_STRICT_OBJC_MSGSEND = YES;
				GCC_C_LANGUAGE_STANDARD = gnu11;
				GCC_NO_COMMON_BLOCKS = YES;
				GCC_WARN_64_TO_32_BIT_CONVERSION = YES;
				GCC_WARN_ABOUT_RETURN_TYPE = YES_ERROR;
				GCC_WARN_UNDECLARED_SELECTOR = YES;
				GCC_WARN_UNINITIALIZED_AUTOS = YES_AGGRESSIVE;
				GCC_WARN_UNUSED_FUNCTION = YES;
				GCC_WARN_UNUSED_VARIABLE = YES;
				IPHONEOS_DEPLOYMENT_TARGET = 11.2;
				MTL_ENABLE_DEBUG_INFO = NO;
				SDKROOT = iphoneos;
				VALIDATE_PRODUCT = YES;
			};
			name = Release;
		};
		F6C8375C20A18D7400123B07 /* Debug */ = {
			isa = XCBuildConfiguration;
			buildSettings = {
				ASSETCATALOG_COMPILER_APPICON_NAME = AppIcon;
				CODE_SIGN_STYLE = Manual;
				DEVELOPMENT_TEAM = 4T4F7QL3CW;
				INFOPLIST_FILE = XTableViewAssistant/Info.plist;
				IPHONEOS_DEPLOYMENT_TARGET = 9.0;
				LD_RUNPATH_SEARCH_PATHS = "$(inherited) @executable_path/Frameworks";
				PRODUCT_BUNDLE_IDENTIFIER = com.aixcoder.XTableViewAssistant;
				PRODUCT_NAME = "$(TARGET_NAME)";
				PROVISIONING_PROFILE = "3a073bff-1200-4047-8299-9e5cb982a4de";
				PROVISIONING_PROFILE_SPECIFIER = "et_*";
				TARGETED_DEVICE_FAMILY = "1,2";
			};
			name = Debug;
		};
		F6C8375D20A18D7400123B07 /* Release */ = {
			isa = XCBuildConfiguration;
			buildSettings = {
				ASSETCATALOG_COMPILER_APPICON_NAME = AppIcon;
				CODE_SIGN_STYLE = Manual;
				DEVELOPMENT_TEAM = "";
				INFOPLIST_FILE = XTableViewAssistant/Info.plist;
				IPHONEOS_DEPLOYMENT_TARGET = 9.0;
				LD_RUNPATH_SEARCH_PATHS = "$(inherited) @executable_path/Frameworks";
				PRODUCT_BUNDLE_IDENTIFIER = com.aixcoder.XTableViewAssistant;
				PRODUCT_NAME = "$(TARGET_NAME)";
				PROVISIONING_PROFILE_SPECIFIER = "";
				TARGETED_DEVICE_FAMILY = "1,2";
			};
			name = Release;
		};
/* End XCBuildConfiguration section */

/* Begin XCConfigurationList section */
		F6C8374020A18D7400123B07 /* Build configuration list for PBXProject "XTableViewAssistant" */ = {
			isa = XCConfigurationList;
			buildConfigurations = (
				F6C8375920A18D7400123B07 /* Debug */,
				F6C8375A20A18D7400123B07 /* Release */,
			);
			defaultConfigurationIsVisible = 0;
			defaultConfigurationName = Release;
		};
		F6C8375B20A18D7400123B07 /* Build configuration list for PBXNativeTarget "XTableViewAssistant" */ = {
			isa = XCConfigurationList;
			buildConfigurations = (
				F6C8375C20A18D7400123B07 /* Debug */,
				F6C8375D20A18D7400123B07 /* Release */,
			);
			defaultConfigurationIsVisible = 0;
			defaultConfigurationName = Release;
		};
/* End XCConfigurationList section */
	};
	rootObject = F6C8373D20A18D7400123B07 /* Project object */;
}
